{
  "SurveyEntry": {
    "SurveyID": "SV_82351c2d3f0f497",
    "SurveyName": "Plan Review Session",
    "SurveyDescription": null,
    "SurveyOwnerID": "UR_2676d08857e4a53",
    "SurveyBrandID": "ustbsem",
    "DivisionID": null,
    "SurveyLanguage": "EN",
    "SurveyActiveResponseSet": "RS_19921e0f09def7b",
    "SurveyStatus": "Inactive",
    "SurveyStartDate": "0000-00-00 00:00:00",
    "SurveyExpirationDate": "0000-00-00 00:00:00",
    "SurveyCreationDate": "2026-09-16 10:05:29",
    "CreatorID": "UR_2676d08857e4a53",
    "LastModified": "2026-09-16 10:05:29",
    "LastAccessed": "0000-00-00 00:00:00",
    "LastActivated": "0000-00-00 00:00:00",
    "Deleted": null
  },
  "SurveyElements": [
    {
      "SurveyID": "SV_82351c2d3f0f497",
      "Element": "BL",
      "PrimaryAttribute": "Survey Blocks",
      "SecondaryAttribute": null,
      "TertiaryAttribute": null,
      "Payload": [
        {
          "Type": "Default",
          "Description": "Consent",
          "ID": "BL_b29af696eb524be",
          "BlockElements": [
            {
              "Type": "Question",
              "QuestionID": "QID1"
            },
            {
              "Type": "Question",
              "QuestionID": "QID2"
            }
          ]
        },
        {
          "Type": "Standard",
          "Description": "Background",
          "ID": "BL_0be0f70495fbe13",
          "BlockElements": [
            {
              "Type": "Question",
              "QuestionID": "QID3"
            },
            {
              "Type": "Page Break"
            },
            {
              "Type": "Question",
              "QuestionID": "QID4"
            },
            {
              "Type": "Page Break"
            },
            {
              "Type": "Question",
              "QuestionID": "QID5"
            },
            {
              "Type": "Page Break"
            },
            {
              "Type": "Question",
              "QuestionID": "QID6"
            },
            {
              "Type": "Page Break"
            },
            {
              "Type": "Question",
              "QuestionID": "QID7"
            },
            {
              "Type": "Page Break"
            },
            {
              "Type": "Question",
              "QuestionID": "QID8"
            }
          ]
        },
        {
          "Type": "Standard",
          "Description": "Background re-read",
          "ID": "BL_da9d4b055a15b06",
          "BlockElements": [
            {
              "Type": "Question",
              "QuestionID": "QID9"
            }
          ]
        },
        {
          "Type": "Standard",
          "Description": "Proposal",
          "ID": "BL_191882821da02e8",
          "BlockElements": [
            {
              "Type": "Question",
              "QuestionID": "QID10"
            }
          ]
        },
        {
          "Type": "Standard",
          "Description": "Waiting page",
          "ID": "BL_6bc31799080a53f",
          "BlockElements": [
            {
              "Type": "Question",
              "QuestionID": "QID11"
            },
            {
              "Type": "Question",
              "QuestionID": "QID12"
            },
            {
              "Type": "Question",
              "QuestionID": "QID13"
            },
            {
              "Type": "Question",
              "QuestionID": "QID14"
            },
            {
              "Type": "Question",
              "QuestionID": "QID15"
            },
            {
              "Type": "Question",
              "QuestionID": "QID16"
            },
            {
              "Type": "Question",
              "QuestionID": "QID17"
            },
            {
              "Type": "Question",
              "QuestionID": "QID18"
            }
          ]
        },
        {
          "Type": "Standard",
          "Description": "Manager message",
          "ID": "BL_99507ec34173904",
          "BlockElements": [
            {
              "Type": "Question",
              "QuestionID": "QID19"
            },
            {
              "Type": "Question",
              "QuestionID": "QID20"
            }
          ]
        },
        {
          "Type": "Standard",
          "Description": "Second materials",
          "ID": "BL_71cace7d9cc584b",
          "BlockElements": [
            {
              "Type": "Question",
              "QuestionID": "QID21"
            },
            {
              "Type": "Page Break"
            },
            {
              "Type": "Question",
              "QuestionID": "QID22"
            },
            {
              "Type": "Page Break"
            },
            {
              "Type": "Question",
              "QuestionID": "QID23"
            }
          ]
        },
        {
          "Type": "Standard",
          "Description": "Second suggestion",
          "ID": "BL_109f939eacf78fa",
          "BlockElements": [
            {
              "Type": "Question",
              "QuestionID": "QID24"
            }
          ]
        },
        {
          "Type": "Standard",
          "Description": "Post-task questions",
          "ID": "BL_7151652cdfd0ad0",
          "BlockElements": [
            {
              "Type": "Question",
              "QuestionID": "QID25"
            },
            {
              "Type": "Question",
              "QuestionID": "QID26"
            },
            {
              "Type": "Page Break"
            },
            {
              "Type": "Question",
              "QuestionID": "QID27"
            },
            {
              "Type": "Page Break"
            },
            {
              "Type": "Question",
              "QuestionID": "QID28"
            },
            {
              "Type": "Page Break"
            },
            {
              "Type": "Question",
              "QuestionID": "QID29"
            },
            {
              "Type": "Page Break"
            },
            {
              "Type": "Question",
              "QuestionID": "QID30"
            }
          ]
        },
        {
          "Type": "Standard",
          "Description": "AI check",
          "ID": "BL_cf20b3e9643376f",
          "BlockElements": [
            {
              "Type": "Question",
              "QuestionID": "QID31"
            },
            {
              "Type": "Page Break"
            },
            {
              "Type": "Question",
              "QuestionID": "QID32"
            },
            {
              "Type": "Page Break"
            },
            {
              "Type": "Question",
              "QuestionID": "QID33"
            }
          ]
        },
        {
          "Type": "Standard",
          "Description": "Feedback",
          "ID": "BL_9887d2754669420",
          "BlockElements": [
            {
              "Type": "Question",
              "QuestionID": "QID34"
            },
            {
              "Type": "Page Break"
            },
            {
              "Type": "Question",
              "QuestionID": "QID35"
            }
          ]
        },
        {
          "Type": "Trash",
          "Description": "Trash / Unused Questions",
          "ID": "BL_cbf321aac2a6d80"
        }
      ]
    },
    {
      "SurveyID": "SV_82351c2d3f0f497",
      "Element": "FL",
      "PrimaryAttribute": "Survey Flow",
      "SecondaryAttribute": null,
      "TertiaryAttribute": null,
      "Payload": {
        "Flow": [
          {
            "Type": "EmbeddedData",
            "FlowID": "FL_2",
            "EmbeddedData": [
              {
                "Description": "PROLIFIC_PID",
                "Type": "Recipient",
                "Field": "PROLIFIC_PID",
                "VariableType": "String",
                "DataVisibility": [],
                "AnalyzeText": false
              },
              {
                "Description": "STUDY_ID",
                "Type": "Recipient",
                "Field": "STUDY_ID",
                "VariableType": "String",
                "DataVisibility": [],
                "AnalyzeText": false
              },
              {
                "Description": "SESSION_ID",
                "Type": "Recipient",
                "Field": "SESSION_ID",
                "VariableType": "String",
                "DataVisibility": [],
                "AnalyzeText": false
              },
              {
                "Description": "condition",
                "Type": "Recipient",
                "Field": "condition",
                "VariableType": "String",
                "DataVisibility": [],
                "AnalyzeText": false
              },
              {
                "Description": "proposal",
                "Type": "Recipient",
                "Field": "proposal",
                "VariableType": "String",
                "DataVisibility": [],
                "AnalyzeText": false
              },
              {
                "Description": "rejection_job",
                "Type": "Recipient",
                "Field": "rejection_job",
                "VariableType": "String",
                "DataVisibility": [],
                "AnalyzeText": false
              },
              {
                "Description": "rejection_status",
                "Type": "Recipient",
                "Field": "rejection_status",
                "VariableType": "String",
                "DataVisibility": [],
                "AnalyzeText": false
              },
              {
                "Description": "rejection_wait_ms",
                "Type": "Recipient",
                "Field": "rejection_wait_ms",
                "VariableType": "String",
                "DataVisibility": [],
                "AnalyzeText": false
              },
              {
                "Description": "rejection_msg1",
                "Type": "Recipient",
                "Field": "rejection_msg1",
                "VariableType": "String",
                "DataVisibility": [],
                "AnalyzeText": false
              },
              {
                "Description": "rejection_msg2",
                "Type": "Recipient",
                "Field": "rejection_msg2",
                "VariableType": "String",
                "DataVisibility": [],
                "AnalyzeText": false
              },
              {
                "Description": "rejection_compliance_code",
                "Type": "Recipient",
                "Field": "rejection_compliance_code",
                "VariableType": "String",
                "DataVisibility": [],
                "AnalyzeText": false
              },
              {
                "Description": "rejection_latency_ms",
                "Type": "Recipient",
                "Field": "rejection_latency_ms",
                "VariableType": "String",
                "DataVisibility": [],
                "AnalyzeText": false
              },
              {
                "Description": "voice_start",
                "Type": "Recipient",
                "Field": "voice_start",
                "VariableType": "String",
                "DataVisibility": [],
                "AnalyzeText": false
              },
              {
                "Description": "voice_submit",
                "Type": "Recipient",
                "Field": "voice_submit",
                "VariableType": "String",
                "DataVisibility": [],
                "AnalyzeText": false
              },
              {
                "Description": "voice_text",
                "Type": "Recipient",
                "Field": "voice_text",
                "VariableType": "String",
                "DataVisibility": [],
                "AnalyzeText": false
              },
              {
                "Description": "briefing_wrong",
                "Type": "Recipient",
                "Field": "briefing_wrong",
                "VariableType": "String",
                "DataVisibility": [],
                "AnalyzeText": false
              }
            ]
          },
          {
            "Type": "Block",
            "ID": "BL_b29af696eb524be",
            "FlowID": "FL_3",
            "Autofill": []
          },
          {
            "Type": "Branch",
            "FlowID": "FL_5",
            "Description": "No consent",
            "BranchLogic": {
              "0": {
                "0": {
                  "LogicType": "Question",
                  "QuestionID": "QID2",
                  "QuestionIsInLoop": "no",
                  "ChoiceLocator": "q://QID2/SelectableChoice/2",
                  "Operator": "Selected",
                  "QuestionIDFromLocator": "QID2",
                  "LeftOperand": "q://QID2/SelectableChoice/2",
                  "Type": "Expression",
                  "Description": "<span class=\"ConjDesc\">If</span> <span class=\"QuestionDesc\">Consent: No</span> <span class=\"OpDesc\">Is Selected</span>"
                },
                "Type": "If"
              },
              "Type": "BooleanExpression"
            },
            "Flow": [
              {
                "Type": "EndSurvey",
                "FlowID": "FL_4",
                "EndingType": "Advanced",
                "Options": {
                  "Advanced": "true",
                  "SurveyTermination": "DefaultMessage"
                }
              }
            ]
          },
          {
            "Type": "BlockRandomizer",
            "FlowID": "FL_10",
            "SubSet": 1,
            "EvenPresentation": true,
            "Flow": [
              {
                "Type": "EmbeddedData",
                "FlowID": "FL_6",
                "EmbeddedData": [
                  {
                    "Description": "condition",
                    "Type": "Custom",
                    "Field": "condition",
                    "VariableType": "String",
                    "DataVisibility": [],
                    "AnalyzeText": false,
                    "Value": "HP_HC"
                  }
                ]
              },
              {
                "Type": "EmbeddedData",
                "FlowID": "FL_7",
                "EmbeddedData": [
                  {
                    "Description": "condition",
                    "Type": "Custom",
                    "Field": "condition",
                    "VariableType": "String",
                    "DataVisibility": [],
                    "AnalyzeText": false,
                    "Value": "HP_LC"
                  }
                ]
              },
              {
                "Type": "EmbeddedData",
                "FlowID": "FL_8",
                "EmbeddedData": [
                  {
                    "Description": "condition",
                    "Type": "Custom",
                    "Field": "condition",
                    "VariableType": "String",
                    "DataVisibility": [],
                    "AnalyzeText": false,
                    "Value": "LP_HC"
                  }
                ]
              },
              {
                "Type": "EmbeddedData",
                "FlowID": "FL_9",
                "EmbeddedData": [
                  {
                    "Description": "condition",
                    "Type": "Custom",
                    "Field": "condition",
                    "VariableType": "String",
                    "DataVisibility": [],
                    "AnalyzeText": false,
                    "Value": "LP_LC"
                  }
                ]
              }
            ]
          },
          {
            "Type": "Standard",
            "ID": "BL_0be0f70495fbe13",
            "FlowID": "FL_11",
            "Autofill": []
          },
          {
            "Type": "Branch",
            "FlowID": "FL_14",
            "Description": "Briefing check wrong",
            "BranchLogic": {
              "0": {
                "0": {
                  "LogicType": "Question",
                  "QuestionID": "QID4",
                  "QuestionIsInLoop": "no",
                  "ChoiceLocator": "q://QID4/SelectableChoice/1",
                  "Operator": "NotSelected",
                  "QuestionIDFromLocator": "QID4",
                  "LeftOperand": "q://QID4/SelectableChoice/1",
                  "Type": "Expression",
                  "Description": "<span class=\"ConjDesc\">If</span> <span class=\"QuestionDesc\">Park check</span> <span class=\"OpDesc\">Is Not Selected</span>"
                },
                "1": {
                  "LogicType": "Question",
                  "QuestionID": "QID6",
                  "QuestionIsInLoop": "no",
                  "ChoiceLocator": "q://QID6/SelectableChoice/1",
                  "Operator": "NotSelected",
                  "QuestionIDFromLocator": "QID6",
                  "LeftOperand": "q://QID6/SelectableChoice/1",
                  "Type": "Expression",
                  "Description": "<span class=\"ConjDesc\">If</span> <span class=\"QuestionDesc\">Problem check</span> <span class=\"OpDesc\">Is Not Selected</span>",
                  "Conjuction": "Or"
                },
                "2": {
                  "LogicType": "Question",
                  "QuestionID": "QID8",
                  "QuestionIsInLoop": "no",
                  "ChoiceLocator": "q://QID8/SelectableChoice/1",
                  "Operator": "NotSelected",
                  "QuestionIDFromLocator": "QID8",
                  "LeftOperand": "q://QID8/SelectableChoice/1",
                  "Type": "Expression",
                  "Description": "<span class=\"ConjDesc\">If</span> <span class=\"QuestionDesc\">Suggestion check</span> <span class=\"OpDesc\">Is Not Selected</span>",
                  "Conjuction": "Or"
                },
                "Type": "If"
              },
              "Type": "BooleanExpression"
            },
            "Flow": [
              {
                "Type": "EmbeddedData",
                "FlowID": "FL_12",
                "EmbeddedData": [
                  {
                    "Description": "briefing_wrong",
                    "Type": "Custom",
                    "Field": "briefing_wrong",
                    "VariableType": "String",
                    "DataVisibility": [],
                    "AnalyzeText": false,
                    "Value": "1"
                  }
                ]
              },
              {
                "Type": "Standard",
                "ID": "BL_da9d4b055a15b06",
                "FlowID": "FL_13",
                "Autofill": []
              }
            ]
          },
          {
            "Type": "Standard",
            "ID": "BL_191882821da02e8",
            "FlowID": "FL_15",
            "Autofill": []
          },
          {
            "Type": "Standard",
            "ID": "BL_6bc31799080a53f",
            "FlowID": "FL_16",
            "Autofill": []
          },
          {
            "Type": "Branch",
            "FlowID": "FL_18",
            "Description": "Reply failed",
            "BranchLogic": {
              "0": {
                "0": {
                  "LogicType": "Question",
                  "QuestionID": "QID12",
                  "QuestionIsInLoop": "no",
                  "ChoiceLocator": "q://QID12/ChoiceTextEntryValue",
                  "Operator": "NotEqualTo",
                  "QuestionIDFromLocator": "QID12",
                  "LeftOperand": "q://QID12/ChoiceTextEntryValue",
                  "RightOperand": "ok",
                  "Type": "Expression",
                  "Description": "<span class=\"ConjDesc\">If</span> <span class=\"QuestionDesc\">rejection status</span> <span class=\"OpDesc\">NotEqualTo</span> <span class=\"RightOpDesc\">ok</span>"
                },
                "Type": "If"
              },
              "Type": "BooleanExpression"
            },
            "Flow": [
              {
                "Type": "EndSurvey",
                "FlowID": "FL_17",
                "EndingType": "Advanced",
                "Options": {
                  "Advanced": "true",
                  "SurveyTermination": "Redirect",
                  "EOSRedirectURL": "https://app.prolific.com/submissions/complete?cc=TECHNICAL_ISSUE_CODE"
                }
              }
            ]
          },
          {
            "Type": "Standard",
            "ID": "BL_99507ec34173904",
            "FlowID": "FL_19",
            "Autofill": []
          },
          {
            "Type": "Standard",
            "ID": "BL_71cace7d9cc584b",
            "FlowID": "FL_20",
            "Autofill": []
          },
          {
            "Type": "Standard",
            "ID": "BL_109f939eacf78fa",
            "FlowID": "FL_21",
            "Autofill": []
          },
          {
            "Type": "Standard",
            "ID": "BL_7151652cdfd0ad0",
            "FlowID": "FL_22",
            "Autofill": []
          },
          {
            "Type": "Standard",
            "ID": "BL_cf20b3e9643376f",
            "FlowID": "FL_23",
            "Autofill": []
          },
          {
            "Type": "Standard",
            "ID": "BL_9887d2754669420",
            "FlowID": "FL_24",
            "Autofill": []
          },
          {
            "Type": "EndSurvey",
            "FlowID": "FL_25",
            "EndingType": "Advanced",
            "Options": {
              "Advanced": "true",
              "SurveyTermination": "Redirect",
              "EOSRedirectURL": "https://app.prolific.com/submissions/complete?cc=COMPLETION_CODE"
            }
          }
        ],
        "Properties": {
          "Count": 25
        },
        "FlowID": "FL_1",
        "Type": "Root"
      }
    },
    {
      "SurveyID": "SV_82351c2d3f0f497",
      "Element": "PL",
      "PrimaryAttribute": "Preview Link",
      "SecondaryAttribute": null,
      "TertiaryAttribute": null,
      "Payload": {
        "PreviewType": "Brand",
        "PreviewID": "9037abfa-a03c-5cc9-b2f2-da325c95ba3c"
      }
    },
    {
      "SurveyID": "SV_82351c2d3f0f497",
      "Element": "PROJ",
      "PrimaryAttribute": "CORE",
      "SecondaryAttribute": null,
      "TertiaryAttribute": "1.1.0",
      "Payload": {
        "ProjectCategory": "CORE",
        "SchemaVersion": "1.1.0"
      }
    },
    {
      "SurveyID": "SV_82351c2d3f0f497",
      "Element": "QC",
      "PrimaryAttribute": "Survey Question Count",
      "SecondaryAttribute": "35",
      "TertiaryAttribute": null,
      "Payload": null
    },
    {
      "SurveyID": "SV_82351c2d3f0f497",
      "Element": "RS",
      "PrimaryAttribute": "RS_19921e0f09def7b",
      "SecondaryAttribute": "Default Response Set",
      "TertiaryAttribute": null,
      "Payload": null
    },
    {
      "SurveyID": "SV_82351c2d3f0f497",
      "Element": "SCO",
      "PrimaryAttribute": "Scoring",
      "SecondaryAttribute": null,
      "TertiaryAttribute": null,
      "Payload": {
        "ScoringCategories": [],
        "ScoringCategoryGroups": [],
        "ScoringSummaryCategory": null,
        "ScoringSummaryAfterQuestions": 0,
        "ScoringSummaryAfterSurvey": 0,
        "DefaultScoringCategory": null,
        "AutoScoringCategory": null
      }
    },
    {
      "SurveyID": "SV_82351c2d3f0f497",
      "Element": "SO",
      "PrimaryAttribute": "Survey Options",
      "SecondaryAttribute": null,
      "TertiaryAttribute": null,
      "Payload": {
        "BackButton": "false",
        "SaveAndContinue": "true",
        "SurveyProtection": "PublicSurvey",
        "BallotBoxStuffingPrevention": "false",
        "NoIndex": "Yes",
        "SecureResponseFiles": "true",
        "SurveyExpiration": "None",
        "SurveyTermination": "Redirect",
        "EOSRedirectURL": "https://app.prolific.com/submissions/complete?cc=COMPLETION_CODE",
        "Header": "",
        "Footer": "",
        "ProgressBarDisplay": "None",
        "PartialData": "+1 week",
        "ValidationMessage": "",
        "PreviousButton": "",
        "NextButton": "",
        "SurveyTitle": "Workplace Interaction Study",
        "SkinLibrary": "ustbsem",
        "SkinType": "component",
        "Skin": {
          "brandingId": null,
          "templateId": "*simple",
          "overrides": null
        },
        "NewScoring": 1,
        "SurveyMetaDescription": "Online workplace interaction study."
      }
    },
    {
      "SurveyID": "SV_82351c2d3f0f497",
      "Element": "SQ",
      "PrimaryAttribute": "QID1",
      "SecondaryAttribute": "Consent text",
      "TertiaryAttribute": null,
      "Payload": {
        "QuestionText": "<p><strong>About this task</strong></p><p>This task is run by a market research company. Businesses ask the company to collect outside reviews of their plans from people who are not part of the business.</p><p>Today’s client is Aetheria Gardens, a theme park. Its owner wants the park’s staffing plan reviewed by outsiders before the plan goes ahead. You will read the plan and the figures behind it and write a short review for the manager who drew it up.</p><p>The manager answers reviews in writing during today’s review session and rates each review for usefulness. Reviews the manager rates as useful earn a bonus on top of the base payment.</p><p>Are you willing to take part in this task?</p>",
        "QuestionType": "DB",
        "Selector": "TB",
        "Configuration": {
          "QuestionDescriptionOption": "UseText"
        },
        "ChoiceOrder": [],
        "Validation": {
          "Settings": {
            "Type": "None"
          }
        },
        "QuestionJS": "// Consent page: question JavaScript.\n// Wakes the free Render instance so it is awake by the time the participant reaches the waiting\n// page (a sleeping free instance takes up to a minute to answer its first request).\n// Replace SERVICE_URL with the deployed service origin, no trailing slash.\nQualtrics.SurveyEngine.addOnload(function () {\n  var SERVICE_URL = \"https://aetheria-gardens-messages.onrender.com\";\n  try {\n    fetch(SERVICE_URL + \"/api/health\", { method: \"GET\", mode: \"cors\", cache: \"no-store\" }).catch(function () {});\n  } catch (error) {}\n});\n",
        "QuestionID": "QID1",
        "DataExportTag": "consent_text",
        "QuestionDescription": "Consent text",
        "Language": [],
        "DefaultChoices": false,
        "DataVisibility": {
          "Private": false,
          "Hidden": false
        }
      }
    },
    {
      "SurveyID": "SV_82351c2d3f0f497",
      "Element": "SQ",
      "PrimaryAttribute": "QID2",
      "SecondaryAttribute": "Are you willing to take part in this task?",
      "TertiaryAttribute": null,
      "Payload": {
        "QuestionText": "Are you willing to take part in this task?",
        "QuestionType": "MC",
        "Selector": "SAVR",
        "SubSelector": "TX",
        "Configuration": {
          "QuestionDescriptionOption": "UseText"
        },
        "Choices": {
          "1": {
            "Display": "Yes, I am willing to take part"
          },
          "2": {
            "Display": "No, I do not want to take part"
          }
        },
        "ChoiceOrder": [
          "1",
          "2"
        ],
        "Validation": {
          "Settings": {
            "ForceResponse": "ON",
            "ForceResponseType": "ON",
            "Type": "None"
          }
        },
        "NextChoiceId": 3,
        "NextAnswerId": 1,
        "QuestionID": "QID2",
        "DataExportTag": "consent",
        "QuestionDescription": "Are you willing to take part in this task?",
        "Language": [],
        "DefaultChoices": false,
        "DataVisibility": {
          "Private": false,
          "Hidden": false
        }
      }
    },
    {
      "SurveyID": "SV_82351c2d3f0f497",
      "Element": "SQ",
      "PrimaryAttribute": "QID3",
      "SecondaryAttribute": "Background 1",
      "TertiaryAttribute": null,
      "Payload": {
        "QuestionText": "<p style=\"font-size:13px;letter-spacing:.04em;text-transform:uppercase;color:#667;\">Background 1 of 3</p><h2 style=\"margin-top:4px;\">The Park</h2><p>Thanks for taking part in this task.</p><p>The theme park is called Aetheria Gardens. Its entrance team’s daily work includes checking tickets at the entrance, scanning QR codes, confirming visitor categories, guiding visitors into the park, and answering simple questions from visitors.</p><p>The park is run by a management team. The operations manager is in charge of the entrance team and of how the park is staffed, and drew up the staffing plan you are asked to review.</p>",
        "QuestionType": "DB",
        "Selector": "TB",
        "Configuration": {
          "QuestionDescriptionOption": "UseText"
        },
        "ChoiceOrder": [],
        "Validation": {
          "Settings": {
            "Type": "None"
          }
        },
        "QuestionID": "QID3",
        "DataExportTag": "role_1",
        "QuestionDescription": "Background 1",
        "Language": [],
        "DefaultChoices": false,
        "DataVisibility": {
          "Private": false,
          "Hidden": false
        }
      }
    },
    {
      "SurveyID": "SV_82351c2d3f0f497",
      "Element": "SQ",
      "PrimaryAttribute": "QID4",
      "SecondaryAttribute": "What does the entrance team at Aetheria Gardens do every day?",
      "TertiaryAttribute": null,
      "Payload": {
        "QuestionText": "What does the entrance team at Aetheria Gardens do every day?",
        "QuestionType": "MC",
        "Selector": "SAVR",
        "SubSelector": "TX",
        "Configuration": {
          "QuestionDescriptionOption": "UseText"
        },
        "Choices": {
          "1": {
            "Display": "Checking tickets, guiding visitors into the park and answering simple questions"
          },
          "2": {
            "Display": "Operating the rides"
          },
          "3": {
            "Display": "Cooking in the park restaurants"
          }
        },
        "ChoiceOrder": [
          "1",
          "2",
          "3"
        ],
        "Validation": {
          "Settings": {
            "ForceResponse": "ON",
            "ForceResponseType": "ON",
            "Type": "None"
          }
        },
        "NextChoiceId": 4,
        "NextAnswerId": 1,
        "QuestionID": "QID4",
        "DataExportTag": "check_park",
        "QuestionDescription": "What does the entrance team at Aetheria Gardens do every day?",
        "Language": [],
        "DefaultChoices": false,
        "DataVisibility": {
          "Private": false,
          "Hidden": false
        }
      }
    },
    {
      "SurveyID": "SV_82351c2d3f0f497",
      "Element": "SQ",
      "PrimaryAttribute": "QID5",
      "SecondaryAttribute": "Background 2",
      "TertiaryAttribute": null,
      "Payload": {
        "QuestionText": "<p style=\"font-size:13px;letter-spacing:.04em;text-transform:uppercase;color:#667;\">Background 2 of 3</p><h2 style=\"margin-top:4px;\">The Plan Under Review</h2><p>Aetheria Gardens employs a full-time, permanent workforce all year round. The operations manager drew up this staffing plan, the management team approved it this year, and the manager stands by it: in their view it keeps service consistent, avoids repeated retraining, and shows the park’s commitment to its permanent staff.</p><p>Some figures from the past year:</p><ul><li>On a typical off-season weekday the park receives around 500 visitors; on a peak-season day, around 5,000.</li><li>The number of entrance staff on duty is the same in both seasons.</li><li>In the off-season, entrance staff spend long stretches with no visitors to serve.</li><li>On peak days, the queue at the entrance reaches 30 to 45 minutes at the busiest hour, and visitor complaints about waiting are highest in those weeks.</li><li>Staff costs are the park’s largest expense and have risen for three years in a row.</li></ul>",
        "QuestionType": "DB",
        "Selector": "TB",
        "Configuration": {
          "QuestionDescriptionOption": "UseText"
        },
        "ChoiceOrder": [],
        "Validation": {
          "Settings": {
            "Type": "None"
          }
        },
        "QuestionID": "QID5",
        "DataExportTag": "role_2",
        "QuestionDescription": "Background 2",
        "Language": [],
        "DefaultChoices": false,
        "DataVisibility": {
          "Private": false,
          "Hidden": false
        }
      }
    },
    {
      "SurveyID": "SV_82351c2d3f0f497",
      "Element": "SQ",
      "PrimaryAttribute": "QID6",
      "SecondaryAttribute": "According to the operations manager, why does the park keep a fully permanent workforce all year?",
      "TertiaryAttribute": null,
      "Payload": {
        "QuestionText": "According to the operations manager, why does the park keep a fully permanent workforce all year?",
        "QuestionType": "MC",
        "Selector": "SAVR",
        "SubSelector": "TX",
        "Configuration": {
          "QuestionDescriptionOption": "UseText"
        },
        "Choices": {
          "1": {
            "Display": "It keeps service consistent, avoids retraining, and shows commitment to staff"
          },
          "2": {
            "Display": "Because visitor numbers are the same all year"
          },
          "3": {
            "Display": "Because temporary staff are not allowed by law"
          }
        },
        "ChoiceOrder": [
          "1",
          "2",
          "3"
        ],
        "Validation": {
          "Settings": {
            "ForceResponse": "ON",
            "ForceResponseType": "ON",
            "Type": "None"
          }
        },
        "NextChoiceId": 4,
        "NextAnswerId": 1,
        "QuestionID": "QID6",
        "DataExportTag": "check_plan",
        "QuestionDescription": "According to the operations manager, why does the park keep a fully permanent workforce all year?",
        "Language": [],
        "DefaultChoices": false,
        "DataVisibility": {
          "Private": false,
          "Hidden": false
        }
      }
    },
    {
      "SurveyID": "SV_82351c2d3f0f497",
      "Element": "SQ",
      "PrimaryAttribute": "QID7",
      "SecondaryAttribute": "Background 3",
      "TertiaryAttribute": null,
      "Payload": {
        "QuestionText": "<p style=\"font-size:13px;letter-spacing:.04em;text-transform:uppercase;color:#667;\">Background 3 of 3</p><h2 style=\"margin-top:4px;\">Your Review</h2><p>Your review goes to the operations manager who drew up the plan. Say what you think is wrong with the current plan and what the park should do instead.</p><p>The manager did not ask for these reviews; the park’s owner did, so the manager is answering reviews of their own plan. The manager can decline to take a review forward, rates every review for usefulness, and the rating decides whether you receive the bonus.</p><p>Your review is sent with your reviewer ID: the manager sees it as coming from you, and the reply is addressed to you personally.</p><p>The manager is answering reviews during today’s session, so you will receive the reply here.</p>",
        "QuestionType": "DB",
        "Selector": "TB",
        "Configuration": {
          "QuestionDescriptionOption": "UseText"
        },
        "ChoiceOrder": [],
        "Validation": {
          "Settings": {
            "Type": "None"
          }
        },
        "QuestionID": "QID7",
        "DataExportTag": "role_3",
        "QuestionDescription": "Background 3",
        "Language": [],
        "DefaultChoices": false,
        "DataVisibility": {
          "Private": false,
          "Hidden": false
        }
      }
    },
    {
      "SurveyID": "SV_82351c2d3f0f497",
      "Element": "SQ",
      "PrimaryAttribute": "QID8",
      "SecondaryAttribute": "Who reads and rates your review?",
      "TertiaryAttribute": null,
      "Payload": {
        "QuestionText": "Who reads and rates your review?",
        "QuestionType": "MC",
        "Selector": "SAVR",
        "SubSelector": "TX",
        "Configuration": {
          "QuestionDescriptionOption": "UseText"
        },
        "Choices": {
          "1": {
            "Display": "The operations manager who drew up the plan"
          },
          "2": {
            "Display": "The market research company"
          },
          "3": {
            "Display": "Other participants in this session"
          }
        },
        "ChoiceOrder": [
          "1",
          "2",
          "3"
        ],
        "Validation": {
          "Settings": {
            "ForceResponse": "ON",
            "ForceResponseType": "ON",
            "Type": "None"
          }
        },
        "NextChoiceId": 4,
        "NextAnswerId": 1,
        "QuestionID": "QID8",
        "DataExportTag": "check_task",
        "QuestionDescription": "Who reads and rates your review?",
        "Language": [],
        "DefaultChoices": false,
        "DataVisibility": {
          "Private": false,
          "Hidden": false
        }
      }
    },
    {
      "SurveyID": "SV_82351c2d3f0f497",
      "Element": "SQ",
      "PrimaryAttribute": "QID9",
      "SecondaryAttribute": "Re-read materials",
      "TertiaryAttribute": null,
      "Payload": {
        "QuestionText": "<p><strong>Please read the information again.</strong> One of your answers did not match the materials. The three pages are repeated below.</p><p style=\"font-size:13px;letter-spacing:.04em;text-transform:uppercase;color:#667;\">Background 1 of 3</p><h2 style=\"margin-top:4px;\">The Park</h2><p>The theme park is called Aetheria Gardens. Its entrance team’s daily work includes checking tickets at the entrance, scanning QR codes, confirming visitor categories, guiding visitors into the park, and answering simple questions from visitors. The park is run by a management team; the operations manager is in charge of the entrance team and of how the park is staffed, and drew up the plan you are asked to review.</p><p style=\"font-size:13px;letter-spacing:.04em;text-transform:uppercase;color:#667;\">Background 2 of 3</p><h2 style=\"margin-top:4px;\">The Plan Under Review</h2><p>The park employs a full-time, permanent workforce all year round. The operations manager drew up this plan and the management team approved it this year; the manager stands by it (consistent service, no repeated retraining, commitment to permanent staff). Figures from the past year: around 500 visitors on an off-season weekday and around 5,000 on a peak day; the same number of entrance staff on duty in both seasons; long idle stretches in the off-season; 30 to 45 minute entrance queues at the busiest hour on peak days, with the most complaints about waiting; staff costs are the largest expense and have risen three years in a row.</p><p style=\"font-size:13px;letter-spacing:.04em;text-transform:uppercase;color:#667;\">Background 3 of 3</p><h2 style=\"margin-top:4px;\">Your Review</h2><p>Your review goes to the operations manager who drew up the plan: say what you think is wrong with the current plan and what the park should do instead. The manager did not ask for these reviews, the park’s owner did; the manager can decline to take a review forward, rates every review, and the rating decides whether you receive the bonus. Your review is sent with your reviewer ID and the reply is addressed to you personally. The manager is answering reviews during today’s session, so you will receive the reply here.</p>",
        "QuestionType": "DB",
        "Selector": "TB",
        "Configuration": {
          "QuestionDescriptionOption": "UseText"
        },
        "ChoiceOrder": [],
        "Validation": {
          "Settings": {
            "Type": "None"
          }
        },
        "QuestionID": "QID9",
        "DataExportTag": "role_reread",
        "QuestionDescription": "Re-read materials",
        "Language": [],
        "DefaultChoices": false,
        "DataVisibility": {
          "Private": false,
          "Hidden": false
        }
      }
    },
    {
      "SurveyID": "SV_82351c2d3f0f497",
      "Element": "SQ",
      "PrimaryAttribute": "QID10",
      "SecondaryAttribute": "Your review of the staffing plan   Say what is wrong with the current plan, what the park should do ",
      "TertiaryAttribute": null,
      "Payload": {
        "QuestionText": "<p><strong>Your review of the staffing plan</strong></p><p>Say what is wrong with the current plan, what the park should do instead, and why. It goes to the operations manager who drew up the plan, who will read it, rate it, and reply to you here.</p>",
        "QuestionType": "TE",
        "Selector": "ESTB",
        "Configuration": {
          "QuestionDescriptionOption": "UseText",
          "InputWidth": 600,
          "InputHeight": 220
        },
        "Validation": {
          "Settings": {
            "ForceResponse": "ON",
            "ForceResponseType": "ON",
            "Type": "None"
          }
        },
        "QuestionJS": "// Proposal page: question JavaScript on the Text Entry (essay) question.\n// Keeps Next disabled until the participant has written MIN_WORDS words, and copies the text into\n// the embedded field \"proposal\" on submit so later pages can read it without piped text.\nQualtrics.SurveyEngine.addOnload(function () {\n  var MIN_WORDS = 20;\n  var question = this;\n  var textarea = question.getQuestionContainer().querySelector(\"textarea\");\n  if (!textarea) return;\n  var hint = document.createElement(\"div\");\n  hint.style.cssText = \"margin-top:6px;font-size:13px;color:#666;\";\n  textarea.parentNode.appendChild(hint);\n  function update() {\n    var words = textarea.value.trim().split(/\\s+/).filter(Boolean).length;\n    if (words >= MIN_WORDS) {\n      question.enableNextButton();\n      hint.textContent = \"\";\n    } else {\n      question.disableNextButton();\n      hint.textContent = \"Please write at least \" + MIN_WORDS + \" words (\" + words + \" so far).\";\n    }\n  }\n  textarea.addEventListener(\"input\", update);\n  update();\n});\n\nQualtrics.SurveyEngine.addOnPageSubmit(function () {\n  var textarea = this.getQuestionContainer().querySelector(\"textarea\");\n  var text = textarea ? textarea.value.trim() : \"\";\n  Qualtrics.SurveyEngine.setEmbeddedData(\"proposal\", text);\n  try { if (typeof Qualtrics.SurveyEngine.setJSEmbeddedData === \"function\") Qualtrics.SurveyEngine.setJSEmbeddedData(\"proposal\", text); } catch (error) {}\n  // getEmbeddedData on a later page does not return values set from JavaScript, so the waiting\n  // page reads the proposal from sessionStorage (same origin for the whole survey).\n  try { sessionStorage.setItem(\"vr_proposal\", text); } catch (error) {}\n});\n",
        "QuestionID": "QID10",
        "DataExportTag": "proposal",
        "QuestionDescription": "Your review of the staffing plan   Say what is wrong with the current plan, what the park should do ",
        "Language": [],
        "DefaultChoices": false,
        "DataVisibility": {
          "Private": false,
          "Hidden": false
        }
      }
    },
    {
      "SurveyID": "SV_82351c2d3f0f497",
      "Element": "SQ",
      "PrimaryAttribute": "QID11",
      "SecondaryAttribute": "Waiting page",
      "TertiaryAttribute": null,
      "Payload": {
        "QuestionText": "<span id=\"vr-condition\" style=\"display:none\">${e://Field/condition}</span><span id=\"vr-response-id\" style=\"display:none\">${e://Field/ResponseID}</span><p><strong>Your review has been sent to the operations manager.</strong></p><p>The manager is answering reviews during this session; replies usually arrive within a few minutes. While you wait, here are the notes the park supplied with the plan.</p><p><strong>Notes supplied with the plan</strong></p><p><strong>How the entrance works on a normal day.</strong> The park opens at 9:00. Every visitor's ticket is scanned once at the gate, and families with young children and school groups usually need extra help with visitor categories and directions, which is why the entrance team is the park's largest single team. Staff work in shifts. A new member of the entrance team needs about two days of induction before working alone, and an experienced colleague has to stay on the gate with them during that time.</p><p><strong>What the season does to the entrance.</strong> On an off-season weekday around 500 visitors spread across the whole day, so gate staff often wait a long time between visitors. On a peak-season day around 5,000 visitors arrive, most of them between 10:00 and 11:00; that is when the queue reaches 30 to 45 minutes and when most complaints about waiting come in. The same number of entrance staff is rostered on both kinds of day.</p><p><strong>What the park records.</strong> The park keeps a weekly visitor forecast built from bookings and previous years, a daily log of entrance queue times, and daily staffing rosters and payroll. The effect of any staffing change on queues and on costs can therefore be checked against records rather than guessed.</p><p><strong>What the manager weighs.</strong> Staff costs are the park's largest expense and have risen three years in a row. The manager who drew up the plan points to consistent service, no repeated retraining, and the park's commitment to its permanent staff. Any change to the plan has to answer to both sides: queues and complaints at peak, and cost and idle time in the off-season.</p><p><strong>How your review is handled.</strong> The manager reads it, decides whether the park will take it forward, rates it for usefulness, and replies on this platform. The reply is written for you personally.</p>",
        "QuestionType": "DB",
        "Selector": "TB",
        "Configuration": {
          "QuestionDescriptionOption": "UseText"
        },
        "ChoiceOrder": [],
        "Validation": {
          "Settings": {
            "Type": "None"
          }
        },
        "QuestionJS": "// Waiting page: question JavaScript on the Text/Graphic question that shows \"Your suggestion has\n// been sent\" and the extra facts. Starts the rejection job in the background, polls for the reply,\n// stores it in embedded data, and enables Next only when the reply has arrived AND the minimum\n// reading time has passed. After MAX_WAIT_MS (5 minutes) without a reply it records rejection_status = failed so\n// the survey flow can branch to the technical-problem end page.\n//\n// Embedded fields written here (declare them in the survey flow first): rejection_job,\n// rejection_status, rejection_wait_ms, rejection_msg1, rejection_msg2, rejection_compliance_code,\n// rejection_latency_ms. Fields read: ResponseID, condition, proposal, PROLIFIC_PID, STUDY_ID, SESSION_ID.\nQualtrics.SurveyEngine.addOnload(function () {\n  var SERVICE_URL = \"https://aetheria-gardens-messages.onrender.com\";\n  var MIN_READ_MS = 60000;   // minimum time on this page\n  var MAX_WAIT_MS = 300000;  // give up after this (two full server-side generations fit inside)\n  var POLL_MS = 3000;\n  var MAX_STARTS = 3;\n\n  var question = this;\n  var startedAt = Date.now();\n  // The hidden spans are filled by piped text when the page renders; the JS strings are the\n  // fallback. The request id is the ResponseID when Qualtrics provides one, otherwise a random\n  // id kept in sessionStorage so a reload reuses the same job.\n  // Qualtrics scans question JavaScript for piped text, so the literal \"$\" + \"{\" must never\n  // appear in the source; it is assembled at run time instead.\n  var PIPE_START = String.fromCharCode(36) + \"{\";\n  function unpiped(value) { return value && value.indexOf(PIPE_START) !== 0 ? value : \"\"; }\n  function domValue(id, fallback) {\n    var el = document.getElementById(id);\n    return unpiped(el ? el.textContent.trim() : \"\") || unpiped(fallback || \"\");\n  }\n  var condition = domValue(\"vr-condition\", \"${e://Field/condition}\");\n  var requestId = domValue(\"vr-response-id\", \"${e://Field/ResponseID}\");\n  if (!/^[A-Za-z0-9_-]{8,128}$/.test(requestId)) {\n    try { requestId = sessionStorage.getItem(\"vr_request_id\") || \"\"; } catch (error) {}\n    if (!requestId) {\n      requestId = \"R_\" + Math.random().toString(36).slice(2, 10) + Date.now().toString(36);\n      try { sessionStorage.setItem(\"vr_request_id\", requestId); } catch (error) {}\n    }\n  }\n  var proposal = \"\";\n  try { proposal = sessionStorage.getItem(\"vr_proposal\") || \"\"; } catch (error) {}\n  if (!proposal) proposal = Qualtrics.SurveyEngine.getEmbeddedData(\"proposal\") || \"\";\n  var ids = {\n    prolific_pid: \"${e://Field/PROLIFIC_PID}\",\n    study_id: \"${e://Field/STUDY_ID}\",\n    session_id: \"${e://Field/SESSION_ID}\"\n  };\n\n  var status = document.createElement(\"p\");\n  status.id = \"manager-reply-status\";\n  status.style.cssText = \"margin-top:16px;color:#555;font-style:italic;\";\n  status.textContent = \"Your review is with the operations manager\\u2026\";\n  question.getQuestionContainer().appendChild(status);\n  question.disableNextButton();\n\n  var finished = false;\n  var finalStatus = \"\";\n  var starts = 0;\n\n  // Results are written three ways: embedded data (both APIs), the hidden text questions on this\n  // page (question answers are always saved with the page and can drive branch logic and piped\n  // text), and sessionStorage (fallback for the message page).\n  var HIDDEN = { rejection_status: 0, rejection_msg1: 1, rejection_msg2: 2, rejection_compliance_code: 3, rejection_latency_ms: 4, rejection_wait_ms: 5 };\n  function setHidden(index, value) {\n    var inputs = document.querySelectorAll(\"input[type=text]\");\n    var input = inputs[index];\n    if (!input) return;\n    var setter = Object.getOwnPropertyDescriptor(window.HTMLInputElement.prototype, \"value\").set;\n    setter.call(input, value == null ? \"\" : String(value));\n    input.dispatchEvent(new Event(\"input\", { bubbles: true }));\n    input.dispatchEvent(new Event(\"change\", { bubbles: true }));\n  }\n  function setEd(name, value) {\n    var text = value == null ? \"\" : String(value);\n    try { Qualtrics.SurveyEngine.setEmbeddedData(name, text); } catch (error) {}\n    try { if (typeof Qualtrics.SurveyEngine.setJSEmbeddedData === \"function\") Qualtrics.SurveyEngine.setJSEmbeddedData(name, text); } catch (error) {}\n    if (HIDDEN[name] !== undefined) setHidden(HIDDEN[name], text);\n    try { sessionStorage.setItem(\"vr_\" + name, text); } catch (error) {}\n  }\n\n  function enableWhenRead() {\n    var remaining = MIN_READ_MS - (Date.now() - startedAt);\n    if (remaining > 0) { setTimeout(enableWhenRead, remaining); return; }\n    status.textContent = finalStatus === \"ok\"\n      ? \"The manager has replied. Click Next to read the reply.\"\n      : \"Click Next to continue.\";\n    question.enableNextButton();\n  }\n\n  function finish(newStatus) {\n    if (finished) return;\n    finished = true;\n    finalStatus = newStatus;\n    setEd(\"rejection_status\", newStatus);\n    setEd(\"rejection_wait_ms\", String(Date.now() - startedAt));\n    enableWhenRead();\n  }\n\n  function startJob() {\n    starts += 1;\n    return fetch(SERVICE_URL + \"/api/rejection/start\", {\n      method: \"POST\",\n      headers: { \"Content-Type\": \"application/json\" },\n      body: JSON.stringify({\n        request_id: requestId,\n        condition: condition,\n        language: \"en\",\n        proposal: proposal,\n        prolific_pid: ids.prolific_pid,\n        study_id: ids.study_id,\n        session_id: ids.session_id\n      })\n    }).then(function (response) { return response.json(); }).then(function (data) {\n      if (!data.ok) throw new Error(data.error || \"start_failed\");\n      setEd(\"rejection_job\", data.job);\n    });\n  }\n\n  function poll() {\n    if (finished) return;\n    if (Date.now() - startedAt > MAX_WAIT_MS) { finish(\"failed\"); return; }\n    fetch(SERVICE_URL + \"/api/rejection/result?job=\" + encodeURIComponent(requestId), { cache: \"no-store\" })\n      .then(function (response) { return response.json(); })\n      .then(function (data) {\n        if (data.status === \"ok\") {\n          var messages = data.messages || [];\n          setEd(\"rejection_msg1\", messages[0] ? messages[0].text : \"\");\n          setEd(\"rejection_msg2\", messages[1] ? messages[1].text : \"\");\n          setEd(\"rejection_compliance_code\", data.compliance_code == null ? \"\" : String(data.compliance_code));\n          setEd(\"rejection_latency_ms\", data.latency_ms == null ? \"\" : String(data.latency_ms));\n          finish(\"ok\");\n          return;\n        }\n        if (data.status === \"failed\" || data.status === \"unknown\") {\n          // A failed job is replaced by a new one under the same request id; an unknown job means\n          // the service restarted (or was still waking up when the first start was sent).\n          if (starts < MAX_STARTS) {\n            return startJob().catch(function () {}).then(function () { setTimeout(poll, POLL_MS); });\n          }\n          finish(\"failed\");\n          return;\n        }\n        setTimeout(poll, POLL_MS);\n      })\n      .catch(function () { setTimeout(poll, POLL_MS); });\n  }\n\n  startJob().catch(function () {}).then(function () { setTimeout(poll, POLL_MS); });\n});\n",
        "QuestionID": "QID11",
        "DataExportTag": "waiting",
        "QuestionDescription": "Waiting page",
        "Language": [],
        "DefaultChoices": false,
        "DataVisibility": {
          "Private": false,
          "Hidden": false
        }
      }
    },
    {
      "SurveyID": "SV_82351c2d3f0f497",
      "Element": "SQ",
      "PrimaryAttribute": "QID12",
      "SecondaryAttribute": "rejection status",
      "TertiaryAttribute": null,
      "Payload": {
        "QuestionText": "rejection status",
        "QuestionType": "TE",
        "Selector": "SL",
        "Configuration": {
          "QuestionDescriptionOption": "UseText"
        },
        "Validation": {
          "Settings": {
            "ForceResponse": "OFF",
            "Type": "None"
          }
        },
        "QuestionJS": "// Hidden carrier question (single-line Text Entry) on the waiting page. The waiting page script\n// writes the reply into these fields; they are saved with the page like any answer, drive the\n// branch logic and feed piped text on the message page. This script only hides the question.\nQualtrics.SurveyEngine.addOnload(function () {\n  var container = this.getQuestionContainer();\n  if (container) container.style.display = \"none\";\n});\n",
        "QuestionID": "QID12",
        "DataExportTag": "rejection_status_q",
        "QuestionDescription": "rejection status",
        "Language": [],
        "DefaultChoices": false,
        "DataVisibility": {
          "Private": false,
          "Hidden": false
        }
      }
    },
    {
      "SurveyID": "SV_82351c2d3f0f497",
      "Element": "SQ",
      "PrimaryAttribute": "QID13",
      "SecondaryAttribute": "rejection message 1",
      "TertiaryAttribute": null,
      "Payload": {
        "QuestionText": "rejection message 1",
        "QuestionType": "TE",
        "Selector": "SL",
        "Configuration": {
          "QuestionDescriptionOption": "UseText"
        },
        "Validation": {
          "Settings": {
            "ForceResponse": "OFF",
            "Type": "None"
          }
        },
        "QuestionJS": "// Hidden carrier question (single-line Text Entry) on the waiting page. The waiting page script\n// writes the reply into these fields; they are saved with the page like any answer, drive the\n// branch logic and feed piped text on the message page. This script only hides the question.\nQualtrics.SurveyEngine.addOnload(function () {\n  var container = this.getQuestionContainer();\n  if (container) container.style.display = \"none\";\n});\n",
        "QuestionID": "QID13",
        "DataExportTag": "rejection_msg1_q",
        "QuestionDescription": "rejection message 1",
        "Language": [],
        "DefaultChoices": false,
        "DataVisibility": {
          "Private": false,
          "Hidden": false
        }
      }
    },
    {
      "SurveyID": "SV_82351c2d3f0f497",
      "Element": "SQ",
      "PrimaryAttribute": "QID14",
      "SecondaryAttribute": "rejection message 2",
      "TertiaryAttribute": null,
      "Payload": {
        "QuestionText": "rejection message 2",
        "QuestionType": "TE",
        "Selector": "SL",
        "Configuration": {
          "QuestionDescriptionOption": "UseText"
        },
        "Validation": {
          "Settings": {
            "ForceResponse": "OFF",
            "Type": "None"
          }
        },
        "QuestionJS": "// Hidden carrier question (single-line Text Entry) on the waiting page. The waiting page script\n// writes the reply into these fields; they are saved with the page like any answer, drive the\n// branch logic and feed piped text on the message page. This script only hides the question.\nQualtrics.SurveyEngine.addOnload(function () {\n  var container = this.getQuestionContainer();\n  if (container) container.style.display = \"none\";\n});\n",
        "QuestionID": "QID14",
        "DataExportTag": "rejection_msg2_q",
        "QuestionDescription": "rejection message 2",
        "Language": [],
        "DefaultChoices": false,
        "DataVisibility": {
          "Private": false,
          "Hidden": false
        }
      }
    },
    {
      "SurveyID": "SV_82351c2d3f0f497",
      "Element": "SQ",
      "PrimaryAttribute": "QID15",
      "SecondaryAttribute": "rejection compliance code",
      "TertiaryAttribute": null,
      "Payload": {
        "QuestionText": "rejection compliance code",
        "QuestionType": "TE",
        "Selector": "SL",
        "Configuration": {
          "QuestionDescriptionOption": "UseText"
        },
        "Validation": {
          "Settings": {
            "ForceResponse": "OFF",
            "Type": "None"
          }
        },
        "QuestionJS": "// Hidden carrier question (single-line Text Entry) on the waiting page. The waiting page script\n// writes the reply into these fields; they are saved with the page like any answer, drive the\n// branch logic and feed piped text on the message page. This script only hides the question.\nQualtrics.SurveyEngine.addOnload(function () {\n  var container = this.getQuestionContainer();\n  if (container) container.style.display = \"none\";\n});\n",
        "QuestionID": "QID15",
        "DataExportTag": "rejection_code_q",
        "QuestionDescription": "rejection compliance code",
        "Language": [],
        "DefaultChoices": false,
        "DataVisibility": {
          "Private": false,
          "Hidden": false
        }
      }
    },
    {
      "SurveyID": "SV_82351c2d3f0f497",
      "Element": "SQ",
      "PrimaryAttribute": "QID16",
      "SecondaryAttribute": "rejection latency ms",
      "TertiaryAttribute": null,
      "Payload": {
        "QuestionText": "rejection latency ms",
        "QuestionType": "TE",
        "Selector": "SL",
        "Configuration": {
          "QuestionDescriptionOption": "UseText"
        },
        "Validation": {
          "Settings": {
            "ForceResponse": "OFF",
            "Type": "None"
          }
        },
        "QuestionJS": "// Hidden carrier question (single-line Text Entry) on the waiting page. The waiting page script\n// writes the reply into these fields; they are saved with the page like any answer, drive the\n// branch logic and feed piped text on the message page. This script only hides the question.\nQualtrics.SurveyEngine.addOnload(function () {\n  var container = this.getQuestionContainer();\n  if (container) container.style.display = \"none\";\n});\n",
        "QuestionID": "QID16",
        "DataExportTag": "rejection_latency_q",
        "QuestionDescription": "rejection latency ms",
        "Language": [],
        "DefaultChoices": false,
        "DataVisibility": {
          "Private": false,
          "Hidden": false
        }
      }
    },
    {
      "SurveyID": "SV_82351c2d3f0f497",
      "Element": "SQ",
      "PrimaryAttribute": "QID17",
      "SecondaryAttribute": "waiting page wait ms",
      "TertiaryAttribute": null,
      "Payload": {
        "QuestionText": "waiting page wait ms",
        "QuestionType": "TE",
        "Selector": "SL",
        "Configuration": {
          "QuestionDescriptionOption": "UseText"
        },
        "Validation": {
          "Settings": {
            "ForceResponse": "OFF",
            "Type": "None"
          }
        },
        "QuestionJS": "// Hidden carrier question (single-line Text Entry) on the waiting page. The waiting page script\n// writes the reply into these fields; they are saved with the page like any answer, drive the\n// branch logic and feed piped text on the message page. This script only hides the question.\nQualtrics.SurveyEngine.addOnload(function () {\n  var container = this.getQuestionContainer();\n  if (container) container.style.display = \"none\";\n});\n",
        "QuestionID": "QID17",
        "DataExportTag": "rejection_wait_q",
        "QuestionDescription": "waiting page wait ms",
        "Language": [],
        "DefaultChoices": false,
        "DataVisibility": {
          "Private": false,
          "Hidden": false
        }
      }
    },
    {
      "SurveyID": "SV_82351c2d3f0f497",
      "Element": "SQ",
      "PrimaryAttribute": "QID18",
      "SecondaryAttribute": "Timing",
      "TertiaryAttribute": null,
      "Payload": {
        "QuestionText": "Timing",
        "QuestionType": "Timing",
        "Selector": "PageTimer",
        "Configuration": {
          "QuestionDescriptionOption": "UseText",
          "MinSeconds": "0",
          "MaxSeconds": "0"
        },
        "Choices": {
          "1": {
            "Display": "First Click"
          },
          "2": {
            "Display": "Last Click"
          },
          "3": {
            "Display": "Page Submit"
          },
          "4": {
            "Display": "Click Count"
          }
        },
        "ChoiceOrder": [
          "1",
          "2",
          "3",
          "4"
        ],
        "Validation": {
          "Settings": {
            "Type": "None"
          }
        },
        "QuestionID": "QID18",
        "DataExportTag": "t_waiting",
        "QuestionDescription": "Timing",
        "Language": [],
        "DefaultChoices": false,
        "DataVisibility": {
          "Private": false,
          "Hidden": false
        }
      }
    },
    {
      "SurveyID": "SV_82351c2d3f0f497",
      "Element": "SQ",
      "PrimaryAttribute": "QID19",
      "SecondaryAttribute": "Manager message",
      "TertiaryAttribute": null,
      "Payload": {
        "QuestionText": "<p><strong>Reply from the operations manager</strong></p><div style=\"max-width:640px;margin:0 auto;font-family:-apple-system,'Segoe UI',Roboto,Helvetica,Arial,sans-serif;\">\n  <div style=\"border:1px solid #d9dee5;border-radius:12px;overflow:hidden;background:#ffffff;\">\n    <div style=\"background:#f4f6f9;padding:12px 16px;border-bottom:1px solid #e3e7ec;font-size:14px;color:#556270;\">\n      Review session &middot; Client: Aetheria Gardens\n    </div>\n    <div style=\"padding:16px;\">\n      <div style=\"display:flex;justify-content:flex-end;margin-bottom:16px;\">\n        <div style=\"max-width:82%;background:#e8f0fe;border-radius:14px 14px 4px 14px;padding:10px 14px;font-size:15px;line-height:1.45;color:#1f2933;\">\n          <div style=\"font-size:12px;color:#66707a;margin-bottom:4px;\">You &middot; your review</div>\n          <span id=\"vr-proposal-echo\">${q://QID10/ChoiceTextEntryValue}</span>\n        </div>\n      </div>\n      <div style=\"display:flex;gap:10px;align-items:flex-start;\">\n        <div style=\"flex:0 0 36px;width:36px;height:36px;border-radius:50%;background:#2f5d8a;color:#ffffff;display:flex;align-items:center;justify-content:center;font-weight:600;font-size:13px;\">OM</div>\n        <div style=\"max-width:82%;\">\n          <div style=\"font-size:12px;color:#66707a;margin-bottom:4px;\">Operations Manager, Aetheria Gardens &middot; just now</div>\n          <div style=\"background:#f1f3f5;border-radius:4px 14px 14px 14px;padding:10px 14px;font-size:15px;line-height:1.45;color:#1f2933;margin-bottom:8px;\"><span id=\"vr-rejection-msg1\">${q://QID13/ChoiceTextEntryValue}</span></div>\n          <div style=\"background:#f1f3f5;border-radius:14px;padding:10px 14px;font-size:15px;line-height:1.45;color:#1f2933;\"><span id=\"vr-rejection-msg2\">${q://QID14/ChoiceTextEntryValue}</span></div>\n        </div>\n      </div>\n    </div>\n    <div style=\"padding:10px 16px;border-top:1px solid #e3e7ec;font-size:13px;color:#77818b;\">\n      Manager&rsquo;s decision on this review: not taken forward. Usefulness rating recorded.\n    </div>\n  </div>\n</div><p><span style=\"color:#667;\">Click Next when you have read the reply.</span></p>",
        "QuestionType": "DB",
        "Selector": "TB",
        "Configuration": {
          "QuestionDescriptionOption": "UseText"
        },
        "ChoiceOrder": [],
        "Validation": {
          "Settings": {
            "Type": "None"
          }
        },
        "QuestionJS": "// Manager message page: question JavaScript on the Text/Graphic question holding the card.\n// Piped text fills the card from the saved embedded data; if a slot is empty (for example when the\n// embedded value was not saved yet), the value kept in sessionStorage by the waiting page is used.\nQualtrics.SurveyEngine.addOnload(function () {\n  var slots = { \"vr-proposal-echo\": \"vr_proposal\", \"vr-rejection-msg1\": \"vr_rejection_msg1\", \"vr-rejection-msg2\": \"vr_rejection_msg2\" };\n  Object.keys(slots).forEach(function (id) {\n    var el = document.getElementById(id);\n    if (!el || el.textContent.trim()) return;\n    var value = \"\";\n    try { value = sessionStorage.getItem(slots[id]) || \"\"; } catch (error) {}\n    if (value) el.textContent = value;\n  });\n});\n",
        "QuestionID": "QID19",
        "DataExportTag": "manager_message",
        "QuestionDescription": "Manager message",
        "Language": [],
        "DefaultChoices": false,
        "DataVisibility": {
          "Private": false,
          "Hidden": false
        }
      }
    },
    {
      "SurveyID": "SV_82351c2d3f0f497",
      "Element": "SQ",
      "PrimaryAttribute": "QID20",
      "SecondaryAttribute": "Timing",
      "TertiaryAttribute": null,
      "Payload": {
        "QuestionText": "Timing",
        "QuestionType": "Timing",
        "Selector": "PageTimer",
        "Configuration": {
          "QuestionDescriptionOption": "UseText",
          "MinSeconds": "20",
          "MaxSeconds": "0"
        },
        "Choices": {
          "1": {
            "Display": "First Click"
          },
          "2": {
            "Display": "Last Click"
          },
          "3": {
            "Display": "Page Submit"
          },
          "4": {
            "Display": "Click Count"
          }
        },
        "ChoiceOrder": [
          "1",
          "2",
          "3",
          "4"
        ],
        "Validation": {
          "Settings": {
            "Type": "None"
          }
        },
        "QuestionID": "QID20",
        "DataExportTag": "t_message",
        "QuestionDescription": "Timing",
        "Language": [],
        "DefaultChoices": false,
        "DataVisibility": {
          "Private": false,
          "Hidden": false
        }
      }
    },
    {
      "SurveyID": "SV_82351c2d3f0f497",
      "Element": "SQ",
      "PrimaryAttribute": "QID21",
      "SecondaryAttribute": "Materials 1",
      "TertiaryAttribute": null,
      "Payload": {
        "QuestionText": "<p style=\"font-size:13px;letter-spacing:.04em;text-transform:uppercase;color:#667;\">Materials 1 of 3</p><h2 style=\"margin-top:4px;\">Off-Season Situation</h2><p>The park also supplied material about its <strong>off-season situation</strong>. Please read it before deciding whether to send a further note.</p><p>On a typical off-season weekday, the park receives <strong>around 500 visitors</strong>.</p><p>The entrance is quiet for long periods, and staff members at the gate have <strong>relatively little work to do</strong>.</p>",
        "QuestionType": "DB",
        "Selector": "TB",
        "Configuration": {
          "QuestionDescriptionOption": "UseText"
        },
        "ChoiceOrder": [],
        "Validation": {
          "Settings": {
            "Type": "None"
          }
        },
        "QuestionID": "QID21",
        "DataExportTag": "materials_1",
        "QuestionDescription": "Materials 1",
        "Language": [],
        "DefaultChoices": false,
        "DataVisibility": {
          "Private": false,
          "Hidden": false
        }
      }
    },
    {
      "SurveyID": "SV_82351c2d3f0f497",
      "Element": "SQ",
      "PrimaryAttribute": "QID22",
      "SecondaryAttribute": "Materials 2",
      "TertiaryAttribute": null,
      "Payload": {
        "QuestionText": "<p style=\"font-size:13px;letter-spacing:.04em;text-transform:uppercase;color:#667;\">Materials 2 of 3</p><h2 style=\"margin-top:4px;\">Visitor Pattern</h2><p>Most visitors are <strong>families with young children</strong>. Families with children under 10 account for <strong>around 70% to 75%</strong> of daily visitors, while other visitor groups make up a much smaller share.</p><p>Aetheria Gardens is <strong>far from the city center</strong>, and many families say the location is <strong>not very convenient</strong>.</p>",
        "QuestionType": "DB",
        "Selector": "TB",
        "Configuration": {
          "QuestionDescriptionOption": "UseText"
        },
        "ChoiceOrder": [],
        "Validation": {
          "Settings": {
            "Type": "None"
          }
        },
        "QuestionID": "QID22",
        "DataExportTag": "materials_2",
        "QuestionDescription": "Materials 2",
        "Language": [],
        "DefaultChoices": false,
        "DataVisibility": {
          "Private": false,
          "Hidden": false
        }
      }
    },
    {
      "SurveyID": "SV_82351c2d3f0f497",
      "Element": "SQ",
      "PrimaryAttribute": "QID23",
      "SecondaryAttribute": "Materials 3",
      "TertiaryAttribute": null,
      "Payload": {
        "QuestionText": "<p style=\"font-size:13px;letter-spacing:.04em;text-transform:uppercase;color:#667;\">Materials 3 of 3</p><h2 style=\"margin-top:4px;\">Nearby Visitors</h2><p>There are several universities and farms <strong>near the theme park</strong>, including <strong>4 universities within 10 to 18 km</strong> and <strong>around 38,000 nearby university students</strong>.</p><p>Some university students say the park is cute, but it feels mainly <strong>designed for little kids</strong>. Others mention that <strong>student discounts</strong> or <strong>more photo-friendly spots</strong> might make the park more attractive to students.</p><p>On the next page you can send the same manager a further note about this situation if you wish.</p>",
        "QuestionType": "DB",
        "Selector": "TB",
        "Configuration": {
          "QuestionDescriptionOption": "UseText"
        },
        "ChoiceOrder": [],
        "Validation": {
          "Settings": {
            "Type": "None"
          }
        },
        "QuestionID": "QID23",
        "DataExportTag": "materials_3",
        "QuestionDescription": "Materials 3",
        "Language": [],
        "DefaultChoices": false,
        "DataVisibility": {
          "Private": false,
          "Hidden": false
        }
      }
    },
    {
      "SurveyID": "SV_82351c2d3f0f497",
      "Element": "SQ",
      "PrimaryAttribute": "QID24",
      "SecondaryAttribute": "A further note to the manager (optional)   If you have a suggestion about the off-season situation y",
      "TertiaryAttribute": null,
      "Payload": {
        "QuestionText": "<p><strong>A further note to the manager (optional)</strong></p><p>If you have a suggestion about the off-season situation you have just read, you can send it to the same operations manager. It will be read and rated in the same way, and the rating affects your bonus in the same way. Write it below, or leave the box empty if you have nothing to add.</p>",
        "QuestionType": "TE",
        "Selector": "ESTB",
        "Configuration": {
          "QuestionDescriptionOption": "UseText",
          "InputWidth": 600,
          "InputHeight": 220
        },
        "Validation": {
          "Settings": {
            "ForceResponse": "OFF",
            "Type": "None"
          }
        },
        "QuestionJS": "// Voice DV page: question JavaScript on the optional Text Entry (essay) question.\n// Records when the page opened and when it was submitted, and copies the text into \"voice_text\".\nQualtrics.SurveyEngine.addOnload(function () {\n  Qualtrics.SurveyEngine.setEmbeddedData(\"voice_start\", new Date().toISOString());\n});\n\nQualtrics.SurveyEngine.addOnPageSubmit(function () {\n  var textarea = this.getQuestionContainer().querySelector(\"textarea\");\n  var submitted = new Date().toISOString();\n  var text = textarea ? textarea.value.trim() : \"\";\n  Qualtrics.SurveyEngine.setEmbeddedData(\"voice_submit\", submitted);\n  Qualtrics.SurveyEngine.setEmbeddedData(\"voice_text\", text);\n  try {\n    if (typeof Qualtrics.SurveyEngine.setJSEmbeddedData === \"function\") {\n      Qualtrics.SurveyEngine.setJSEmbeddedData(\"voice_submit\", submitted);\n      Qualtrics.SurveyEngine.setJSEmbeddedData(\"voice_text\", text);\n    }\n  } catch (error) {}\n});\n",
        "QuestionID": "QID24",
        "DataExportTag": "voice_text_q",
        "QuestionDescription": "A further note to the manager (optional)   If you have a suggestion about the off-season situation y",
        "Language": [],
        "DefaultChoices": false,
        "DataVisibility": {
          "Private": false,
          "Hidden": false
        }
      }
    },
    {
      "SurveyID": "SV_82351c2d3f0f497",
      "Element": "SQ",
      "PrimaryAttribute": "QID25",
      "SecondaryAttribute": "Survey intro",
      "TertiaryAttribute": null,
      "Payload": {
        "QuestionText": "<p><strong>Post-task questions</strong></p><p>Please answer the following questions based on your experience in this study. There are no right or wrong answers. Please indicate the extent to which you agree with each statement.</p>",
        "QuestionType": "DB",
        "Selector": "TB",
        "Configuration": {
          "QuestionDescriptionOption": "UseText"
        },
        "ChoiceOrder": [],
        "Validation": {
          "Settings": {
            "Type": "None"
          }
        },
        "QuestionID": "QID25",
        "DataExportTag": "survey_intro",
        "QuestionDescription": "Survey intro",
        "Language": [],
        "DefaultChoices": false,
        "DataVisibility": {
          "Private": false,
          "Hidden": false
        }
      }
    },
    {
      "SurveyID": "SV_82351c2d3f0f497",
      "Element": "SQ",
      "PrimaryAttribute": "QID26",
      "SecondaryAttribute": "The following statements are about the second task, in which you could write a suggestion to the man",
      "TertiaryAttribute": null,
      "Payload": {
        "QuestionText": "<p><strong style=\"color:#c0392b;\">The following statements are about the second task, in which you could write a suggestion to the manager after reading the additional materials. Please indicate how much you agree with each statement about what you actually did.</strong></p>",
        "QuestionType": "Matrix",
        "Selector": "Likert",
        "SubSelector": "SingleAnswer",
        "Configuration": {
          "QuestionDescriptionOption": "UseText",
          "TextPosition": "inline",
          "ChoiceColumnWidth": 30,
          "RepeatHeaders": "none",
          "WhiteSpace": "ON",
          "MobileFirst": true
        },
        "Choices": {
          "1": {
            "Display": "I proposed more than one specific improvement to the manager in the second task."
          },
          "2": {
            "Display": "I made a point of raising new ideas about the visitor issue with the manager."
          },
          "3": {
            "Display": "Even though the manager had turned down my earlier proposal, I still put forward my views."
          },
          "4": {
            "Display": "I used the opportunity in the second task to share my ideas proactively."
          },
          "5": {
            "Display": "I brought my own ideas into the suggestion rather than only restating what the materials said."
          },
          "6": {
            "Display": "I offered several suggestions and ideas of my own."
          }
        },
        "ChoiceOrder": [
          "1",
          "2",
          "3",
          "4",
          "5",
          "6"
        ],
        "Answers": {
          "1": {
            "Display": "1<br>Strongly disagree"
          },
          "2": {
            "Display": "2<br>Disagree"
          },
          "3": {
            "Display": "3<br>Neither agree nor disagree"
          },
          "4": {
            "Display": "4<br>Agree"
          },
          "5": {
            "Display": "5<br>Strongly agree"
          }
        },
        "AnswerOrder": [
          "1",
          "2",
          "3",
          "4",
          "5"
        ],
        "ChoiceDataExportTags": {
          "1": "VF1",
          "2": "VF2",
          "3": "VF3",
          "4": "VF4",
          "5": "VF5",
          "6": "VF6"
        },
        "Validation": {
          "Settings": {
            "ForceResponse": "ON",
            "ForceResponseType": "ON",
            "Type": "None"
          }
        },
        "NextChoiceId": 7,
        "NextAnswerId": 6,
        "QuestionID": "QID26",
        "DataExportTag": "VF",
        "QuestionDescription": "The following statements are about the second task, in which you could write a suggestion to the man",
        "Language": [],
        "DefaultChoices": false,
        "DataVisibility": {
          "Private": false,
          "Hidden": false
        }
      }
    },
    {
      "SurveyID": "SV_82351c2d3f0f497",
      "Element": "SQ",
      "PrimaryAttribute": "QID27",
      "SecondaryAttribute": "Preparing your suggestion",
      "TertiaryAttribute": null,
      "Payload": {
        "QuestionText": "<p><strong>Preparing your suggestion</strong></p>",
        "QuestionType": "Matrix",
        "Selector": "Likert",
        "SubSelector": "SingleAnswer",
        "Configuration": {
          "QuestionDescriptionOption": "UseText",
          "TextPosition": "inline",
          "ChoiceColumnWidth": 30,
          "RepeatHeaders": "none",
          "WhiteSpace": "ON",
          "MobileFirst": true
        },
        "Choices": {
          "1": {
            "Display": "Before writing my suggestion in the second task, I tried to back what I might suggest with the information available to me, such as the entrance records, visitor comments, or location details."
          },
          "2": {
            "Display": "Before writing my suggestion in the second task, I made an effort to think through the practical concerns a manager would have, such as visitor demand, feasibility, or park operations."
          },
          "3": {
            "Display": "Before writing my suggestion in the second task, I tried to anticipate the questions or doubts the manager might raise, and how I would answer them."
          },
          "4": {
            "Display": "Before writing my suggestion in the second task, I made an effort to work out a clear, actionable course of action rather than a general idea."
          }
        },
        "ChoiceOrder": [
          "1",
          "2",
          "3",
          "4"
        ],
        "Answers": {
          "1": {
            "Display": "1<br>Strongly disagree"
          },
          "2": {
            "Display": "2<br>Disagree"
          },
          "3": {
            "Display": "3<br>Neither agree nor disagree"
          },
          "4": {
            "Display": "4<br>Agree"
          },
          "5": {
            "Display": "5<br>Strongly agree"
          }
        },
        "AnswerOrder": [
          "1",
          "2",
          "3",
          "4",
          "5"
        ],
        "ChoiceDataExportTags": {
          "1": "VQ1",
          "2": "VQ2",
          "3": "VQ3",
          "4": "VQ4"
        },
        "Validation": {
          "Settings": {
            "ForceResponse": "ON",
            "ForceResponseType": "ON",
            "Type": "None"
          }
        },
        "NextChoiceId": 5,
        "NextAnswerId": 6,
        "QuestionID": "QID27",
        "DataExportTag": "VQ",
        "QuestionDescription": "Preparing your suggestion",
        "Language": [],
        "DefaultChoices": false,
        "DataVisibility": {
          "Private": false,
          "Hidden": false
        }
      }
    },
    {
      "SurveyID": "SV_82351c2d3f0f497",
      "Element": "SQ",
      "PrimaryAttribute": "QID28",
      "SecondaryAttribute": "Perceived reasons for the manager’s response   Please indicate why you think the manager rejected yo",
      "TertiaryAttribute": null,
      "Payload": {
        "QuestionText": "<p><strong>Perceived reasons for the manager’s response</strong></p><p>Please indicate why you think the manager rejected your review of the staffing plan.</p><p><em>The manager rejected my review because...</em></p>",
        "QuestionType": "Matrix",
        "Selector": "Likert",
        "SubSelector": "SingleAnswer",
        "Configuration": {
          "QuestionDescriptionOption": "UseText",
          "TextPosition": "inline",
          "ChoiceColumnWidth": 30,
          "RepeatHeaders": "none",
          "WhiteSpace": "ON",
          "MobileFirst": true
        },
        "Choices": {
          "1": {
            "Display": "The manager was influenced by their emotions."
          },
          "2": {
            "Display": "The manager wanted to demonstrate their authority."
          },
          "3": {
            "Display": "The manager personally disliked me."
          },
          "4": {
            "Display": "My proposal for improvement was mediocre."
          },
          "5": {
            "Display": "My suggestion did not really improve the current methods or practices."
          },
          "6": {
            "Display": "The changes I suggested for work arrangements did not really help much."
          },
          "7": {
            "Display": "I made impractical recommendations about how to fix work-related problems."
          },
          "8": {
            "Display": "My suggestion was not very useful."
          }
        },
        "ChoiceOrder": [
          "1",
          "2",
          "3",
          "4",
          "5",
          "6",
          "7",
          "8"
        ],
        "Answers": {
          "1": {
            "Display": "1<br>Strongly disagree"
          },
          "2": {
            "Display": "2<br>Disagree"
          },
          "3": {
            "Display": "3<br>Neither agree nor disagree"
          },
          "4": {
            "Display": "4<br>Agree"
          },
          "5": {
            "Display": "5<br>Strongly agree"
          }
        },
        "AnswerOrder": [
          "1",
          "2",
          "3",
          "4",
          "5"
        ],
        "ChoiceDataExportTags": {
          "1": "MR1",
          "2": "MR2",
          "3": "MR3",
          "4": "PR1",
          "5": "PR2",
          "6": "PR3",
          "7": "PR4",
          "8": "PR5"
        },
        "Validation": {
          "Settings": {
            "ForceResponse": "ON",
            "ForceResponseType": "ON",
            "Type": "None"
          }
        },
        "NextChoiceId": 9,
        "NextAnswerId": 6,
        "QuestionID": "QID28",
        "DataExportTag": "REASON",
        "QuestionDescription": "Perceived reasons for the manager’s response   Please indicate why you think the manager rejected yo",
        "Language": [],
        "DefaultChoices": false,
        "DataVisibility": {
          "Private": false,
          "Hidden": false
        }
      }
    },
    {
      "SurveyID": "SV_82351c2d3f0f497",
      "Element": "SQ",
      "PrimaryAttribute": "QID29",
      "SecondaryAttribute": "Perceived tone of the manager’s response   Please indicate how you perceived the manager’s attitude ",
      "TertiaryAttribute": null,
      "Payload": {
        "QuestionText": "<p><strong>Perceived tone of the manager’s response</strong></p><p>Please indicate how you perceived the manager’s attitude when they rejected your review of the staffing plan.</p><p><em>The manager’s response was...</em></p>",
        "QuestionType": "Matrix",
        "Selector": "Likert",
        "SubSelector": "SingleAnswer",
        "Configuration": {
          "QuestionDescriptionOption": "UseText",
          "TextPosition": "inline",
          "ChoiceColumnWidth": 30,
          "RepeatHeaders": "none",
          "WhiteSpace": "ON",
          "MobileFirst": true
        },
        "Choices": {
          "1": {
            "Display": "Polite"
          },
          "2": {
            "Display": "Courteous"
          },
          "3": {
            "Display": "Sensitive to my feelings"
          },
          "4": {
            "Display": "Respectful toward me"
          },
          "5": {
            "Display": "Considerate toward me"
          },
          "6": {
            "Display": "Appropriate"
          },
          "7": {
            "Display": "Civil"
          },
          "8": {
            "Display": "Tactful"
          }
        },
        "ChoiceOrder": [
          "1",
          "2",
          "3",
          "4",
          "5",
          "6",
          "7",
          "8"
        ],
        "Answers": {
          "1": {
            "Display": "1<br>Strongly disagree"
          },
          "2": {
            "Display": "2<br>Disagree"
          },
          "3": {
            "Display": "3<br>Neither agree nor disagree"
          },
          "4": {
            "Display": "4<br>Agree"
          },
          "5": {
            "Display": "5<br>Strongly agree"
          }
        },
        "AnswerOrder": [
          "1",
          "2",
          "3",
          "4",
          "5"
        ],
        "ChoiceDataExportTags": {
          "1": "MA1",
          "2": "MA2",
          "3": "MA3",
          "4": "MA4",
          "5": "MA5",
          "6": "MA6",
          "7": "MA7",
          "8": "MA8"
        },
        "Validation": {
          "Settings": {
            "ForceResponse": "ON",
            "ForceResponseType": "ON",
            "Type": "None"
          }
        },
        "NextChoiceId": 9,
        "NextAnswerId": 6,
        "QuestionID": "QID29",
        "DataExportTag": "MA",
        "QuestionDescription": "Perceived tone of the manager’s response   Please indicate how you perceived the manager’s attitude ",
        "Language": [],
        "DefaultChoices": false,
        "DataVisibility": {
          "Private": false,
          "Hidden": false
        }
      }
    },
    {
      "SurveyID": "SV_82351c2d3f0f497",
      "Element": "SQ",
      "PrimaryAttribute": "QID30",
      "SecondaryAttribute": "Perceived usefulness of the manager’s response   Please indicate how you perceived the manager’s res",
      "TertiaryAttribute": null,
      "Payload": {
        "QuestionText": "<p><strong>Perceived usefulness of the manager’s response</strong></p><p>Please indicate how you perceived the manager’s response when they rejected your review of the staffing plan.</p><p><em>When rejecting my review, the manager...</em></p>",
        "QuestionType": "Matrix",
        "Selector": "Likert",
        "SubSelector": "SingleAnswer",
        "Configuration": {
          "QuestionDescriptionOption": "UseText",
          "TextPosition": "inline",
          "ChoiceColumnWidth": 30,
          "RepeatHeaders": "none",
          "WhiteSpace": "ON",
          "MobileFirst": true
        },
        "Choices": {
          "1": {
            "Display": "Pointed to specific aspects of my proposal that I could actually work on."
          },
          "2": {
            "Display": "Suggested that the problems with my proposal could be fixed."
          },
          "3": {
            "Display": "Made reference to clear, legitimate standards my proposal would have to meet."
          },
          "4": {
            "Display": "Was very specific and detailed."
          },
          "5": {
            "Display": "Made reference to specific parts of my proposal that were problematic."
          },
          "6": {
            "Display": "Provided clear enough guidance that I knew what to change."
          }
        },
        "ChoiceOrder": [
          "1",
          "2",
          "3",
          "4",
          "5",
          "6"
        ],
        "Answers": {
          "1": {
            "Display": "1<br>Strongly disagree"
          },
          "2": {
            "Display": "2<br>Disagree"
          },
          "3": {
            "Display": "3<br>Neither agree nor disagree"
          },
          "4": {
            "Display": "4<br>Agree"
          },
          "5": {
            "Display": "5<br>Strongly agree"
          }
        },
        "AnswerOrder": [
          "1",
          "2",
          "3",
          "4",
          "5"
        ],
        "ChoiceDataExportTags": {
          "1": "MC1",
          "2": "MC2",
          "3": "MC3",
          "4": "MC4",
          "5": "MC5",
          "6": "MC6"
        },
        "Validation": {
          "Settings": {
            "ForceResponse": "ON",
            "ForceResponseType": "ON",
            "Type": "None"
          }
        },
        "NextChoiceId": 7,
        "NextAnswerId": 6,
        "QuestionID": "QID30",
        "DataExportTag": "MC",
        "QuestionDescription": "Perceived usefulness of the manager’s response   Please indicate how you perceived the manager’s res",
        "Language": [],
        "DefaultChoices": false,
        "DataVisibility": {
          "Private": false,
          "Hidden": false
        }
      }
    },
    {
      "SurveyID": "SV_82351c2d3f0f497",
      "Element": "SQ",
      "PrimaryAttribute": "QID31",
      "SecondaryAttribute": "A few final questions   Did anything about the interaction feel unusual or unexpected? Please descri",
      "TertiaryAttribute": null,
      "Payload": {
        "QuestionText": "<p><strong>A few final questions</strong></p><p>Did anything about the interaction feel unusual or unexpected? Please describe briefly.</p>",
        "QuestionType": "TE",
        "Selector": "ESTB",
        "Configuration": {
          "QuestionDescriptionOption": "UseText",
          "InputWidth": 600,
          "InputHeight": 120
        },
        "Validation": {
          "Settings": {
            "ForceResponse": "ON",
            "ForceResponseType": "ON",
            "Type": "None"
          }
        },
        "QuestionID": "QID31",
        "DataExportTag": "ai_check_unusual",
        "QuestionDescription": "A few final questions   Did anything about the interaction feel unusual or unexpected? Please descri",
        "Language": [],
        "DefaultChoices": false,
        "DataVisibility": {
          "Private": false,
          "Hidden": false
        }
      }
    },
    {
      "SurveyID": "SV_82351c2d3f0f497",
      "Element": "SQ",
      "PrimaryAttribute": "QID32",
      "SecondaryAttribute": "A few final questions   Who do you think you were interacting with in the message exchange?",
      "TertiaryAttribute": null,
      "Payload": {
        "QuestionText": "<p><strong>A few final questions</strong></p><p>Who do you think you were interacting with in the message exchange?</p>",
        "QuestionType": "TE",
        "Selector": "ESTB",
        "Configuration": {
          "QuestionDescriptionOption": "UseText",
          "InputWidth": 600,
          "InputHeight": 120
        },
        "Validation": {
          "Settings": {
            "ForceResponse": "ON",
            "ForceResponseType": "ON",
            "Type": "None"
          }
        },
        "QuestionID": "QID32",
        "DataExportTag": "ai_check_who",
        "QuestionDescription": "A few final questions   Who do you think you were interacting with in the message exchange?",
        "Language": [],
        "DefaultChoices": false,
        "DataVisibility": {
          "Private": false,
          "Hidden": false
        }
      }
    },
    {
      "SurveyID": "SV_82351c2d3f0f497",
      "Element": "SQ",
      "PrimaryAttribute": "QID33",
      "SecondaryAttribute": "One more question   In Prolific recruitment, studies may sometimes include AI participants. To help ",
      "TertiaryAttribute": null,
      "Payload": {
        "QuestionText": "<p><strong>One more question</strong></p><p>In Prolific recruitment, studies may sometimes include AI participants. To help us protect data quality and reduce possible effects from AI participants, please answer the question below.</p><p>Do you think the manager who replied to you may have been AI?</p>",
        "QuestionType": "MC",
        "Selector": "SAVR",
        "SubSelector": "TX",
        "Configuration": {
          "QuestionDescriptionOption": "UseText"
        },
        "Choices": {
          "1": {
            "Display": "Yes"
          },
          "2": {
            "Display": "No"
          },
          "3": {
            "Display": "Not sure"
          }
        },
        "ChoiceOrder": [
          "1",
          "2",
          "3"
        ],
        "Validation": {
          "Settings": {
            "ForceResponse": "ON",
            "ForceResponseType": "ON",
            "Type": "None"
          }
        },
        "NextChoiceId": 4,
        "NextAnswerId": 1,
        "QuestionID": "QID33",
        "DataExportTag": "manager_ai_suspicion",
        "QuestionDescription": "One more question   In Prolific recruitment, studies may sometimes include AI participants. To help ",
        "Language": [],
        "DefaultChoices": false,
        "DataVisibility": {
          "Private": false,
          "Hidden": false
        }
      }
    },
    {
      "SurveyID": "SV_82351c2d3f0f497",
      "Element": "SQ",
      "PrimaryAttribute": "QID34",
      "SecondaryAttribute": "Task feedback   If you have any suggestions about this online task, please share them with us.  You ",
      "TertiaryAttribute": null,
      "Payload": {
        "QuestionText": "<p><strong>Task feedback</strong></p><p>If you have any suggestions about this online task, please share them with us.</p><p>You may also submit without adding a suggestion. Please do not include your name or other personal information.</p>",
        "QuestionType": "TE",
        "Selector": "ESTB",
        "Configuration": {
          "QuestionDescriptionOption": "UseText",
          "InputWidth": 600,
          "InputHeight": 140
        },
        "Validation": {
          "Settings": {
            "ForceResponse": "OFF",
            "Type": "None"
          }
        },
        "QuestionID": "QID34",
        "DataExportTag": "task_feedback",
        "QuestionDescription": "Task feedback   If you have any suggestions about this online task, please share them with us.  You ",
        "Language": [],
        "DefaultChoices": false,
        "DataVisibility": {
          "Private": false,
          "Hidden": false
        }
      }
    },
    {
      "SurveyID": "SV_82351c2d3f0f497",
      "Element": "SQ",
      "PrimaryAttribute": "QID35",
      "SecondaryAttribute": "Debrief",
      "TertiaryAttribute": null,
      "Payload": {
        "QuestionText": "<p><strong>Thank you for taking part.</strong></p><p>Every participant in this study receives the bonus, whatever the manager’s rating. Click Next to complete the task and return to Prolific.</p>",
        "QuestionType": "DB",
        "Selector": "TB",
        "Configuration": {
          "QuestionDescriptionOption": "UseText"
        },
        "ChoiceOrder": [],
        "Validation": {
          "Settings": {
            "Type": "None"
          }
        },
        "QuestionID": "QID35",
        "DataExportTag": "debrief",
        "QuestionDescription": "Debrief",
        "Language": [],
        "DefaultChoices": false,
        "DataVisibility": {
          "Private": false,
          "Hidden": false
        }
      }
    },
    {
      "SurveyID": "SV_82351c2d3f0f497",
      "Element": "STAT",
      "PrimaryAttribute": "Survey Statistics",
      "SecondaryAttribute": null,
      "TertiaryAttribute": null,
      "Payload": {
        "MobileCompatible": true,
        "ID": "Survey Statistics"
      }
    }
  ]
}